
Microsoft Visual Studio Solution File, Format Version 12.00
# Visual Studio Version 17
VisualStudioVersion = 17.13.35818.85 d17.13
MinimumVisualStudioVersion = 10.0.40219.1
Project("{FAE04EC0-301F-11D3-BF4B-00C04F79EFBC}") = "shapeAreaCalc", "shapeAreaCalc\shapeAreaCalc.csproj", "{FDF11CC0-3B08-4E1B-A6CA-9AA33F454E07}"
EndProject
Global
	GlobalSection(SolutionConfigurationPlatforms) = preSolution
		Debug|Any CPU = Debug|Any CPU
		Release|Any CPU = Release|Any CPU
	EndGlobalSection
	GlobalSection(ProjectConfigurationPlatforms) = postSolution
		{FDF11CC0-3B08-4E1B-A6CA-9AA33F454E07}.Debug|Any CPU.ActiveCfg = Debug|Any CPU
		{FDF11CC0-3B08-4E1B-A6CA-9AA33F454E07}.Debug|Any CPU.Build.0 = Debug|Any CPU
		{FDF11CC0-3B08-4E1B-A6CA-9AA33F454E07}.Release|Any CPU.ActiveCfg = Release|Any CPU
		{FDF11CC0-3B08-4E1B-A6CA-9AA33F454E07}.Release|Any CPU.Build.0 = Release|Any CPU
	EndGlobalSection
	GlobalSection(SolutionProperties) = preSolution
		HideSolutionNode = FALSE
	EndGlobalSection
	GlobalSection(ExtensibilityGlobals) = postSolution
		SolutionGuid = {AB0DE67E-8703-4962-8CA4-3064F289C05B}
	EndGlobalSection
EndGlobal
